
Microsoft Visual Studio Solution File, Format Version 12.00
# Visual Studio Version 16
VisualStudioVersion = 16.0.29403.142
MinimumVisualStudioVersion = 10.0.40219.1
Project("{FAE04EC0-301F-11D3-BF4B-00C04F79EFBC}") = "GPS", "GPS\GPS.csproj", "{8FDD45C8-269E-4A75-B030-8F0FDC576449}"
EndProject
Global
	GlobalSection(SolutionConfigurationPlatforms) = preSolution
		Debug|Any CPU = Debug|Any CPU
		Release|Any CPU = Release|Any CPU
	EndGlobalSection
	GlobalSection(ProjectConfigurationPlatforms) = postSolution
		{8FDD45C8-269E-4A75-B030-8F0FDC576449}.Debug|Any CPU.ActiveCfg = Debug|Any CPU
		{8FDD45C8-269E-4A75-B030-8F0FDC576449}.Debug|Any CPU.Build.0 = Debug|Any CPU
		{8FDD45C8-269E-4A75-B030-8F0FDC576449}.Release|Any CPU.ActiveCfg = Release|Any CPU
		{8FDD45C8-269E-4A75-B030-8F0FDC576449}.Release|Any CPU.Build.0 = Release|Any CPU
	EndGlobalSection
	GlobalSection(SolutionProperties) = preSolution
		HideSolutionNode = FALSE
	EndGlobalSection
	GlobalSection(ExtensibilityGlobals) = postSolution
		SolutionGuid = {1F501F9D-ADFA-499F-A9E6-B48BFE58A4D7}
	EndGlobalSection
EndGlobal
